// !$*UTF8*$!
{
	archiveVersion = 1;
	classes = {
	};
	objectVersion = 51;
	objects = {

/* Begin PBXBuildFile section */
		729FAB1B428B7EC7282D7CF9 /* Pods_swift_ribs.framework in Frameworks */ = {isa = PBXBuildFile; fileRef = 97AEBCEFF1E09D2F71672826 /* Pods_swift_ribs.framework */; };
		C54C506E269C36FE001B2779 /* README.md in Resources */ = {isa = PBXBuildFile; fileRef = C54C506D269C36FE001B2779 /* README.md */; };
		C5616A4E269C102B0062DE95 /* AppComponent.swift in Sources */ = {isa = PBXBuildFile; fileRef = C5616A4D269C102B0062DE95 /* AppComponent.swift */; };
		C5616A55269C1ACB0062DE95 /* LoggedOutRouter.swift in Sources */ = {isa = PBXBuildFile; fileRef = C5616A51269C1ACB0062DE95 /* LoggedOutRouter.swift */; };
		C5616A56269C1ACB0062DE95 /* LoggedOutViewController.swift in Sources */ = {isa = PBXBuildFile; fileRef = C5616A52269C1ACB0062DE95 /* LoggedOutViewController.swift */; };
		C5616A57269C1ACB0062DE95 /* LoggedOutBuilder.swift in Sources */ = {isa = PBXBuildFile; fileRef = C5616A53269C1ACB0062DE95 /* LoggedOutBuilder.swift */; };
		C5616A58269C1ACB0062DE95 /* LoggedOutInteractor.swift in Sources */ = {isa = PBXBuildFile; fileRef = C5616A54269C1ACB0062DE95 /* LoggedOutInteractor.swift */; };
		C5616A5A269C1DB80062DE95 /* RootComponent+LoggedOut.swift in Sources */ = {isa = PBXBuildFile; fileRef = C5616A59269C1DB80062DE95 /* RootComponent+LoggedOut.swift */; };
		C5616A60269C1EBC0062DE95 /* LoggedInRouter.swift in Sources */ = {isa = PBXBuildFile; fileRef = C5616A5C269C1EBC0062DE95 /* LoggedInRouter.swift */; };
		C5616A62269C1EBC0062DE95 /* LoggedInBuilder.swift in Sources */ = {isa = PBXBuildFile; fileRef = C5616A5E269C1EBC0062DE95 /* LoggedInBuilder.swift */; };
		C5616A63269C1EBC0062DE95 /* LoggedInInteractor.swift in Sources */ = {isa = PBXBuildFile; fileRef = C5616A5F269C1EBC0062DE95 /* LoggedInInteractor.swift */; };
		C5616A65269C1EC90062DE95 /* RootComponent+LoggedIn.swift in Sources */ = {isa = PBXBuildFile; fileRef = C5616A64269C1EC90062DE95 /* RootComponent+LoggedIn.swift */; };
		C5616A67269C29100062DE95 /* LoggedInComponent+OffGame.swift in Sources */ = {isa = PBXBuildFile; fileRef = C5616A66269C29100062DE95 /* LoggedInComponent+OffGame.swift */; };
		C5616A69269C29240062DE95 /* LoggedInComponent+TicTacToe.swift in Sources */ = {isa = PBXBuildFile; fileRef = C5616A68269C29240062DE95 /* LoggedInComponent+TicTacToe.swift */; };
		C5616A70269C29DD0062DE95 /* OffGameRouter.swift in Sources */ = {isa = PBXBuildFile; fileRef = C5616A6C269C29DD0062DE95 /* OffGameRouter.swift */; };
		C5616A71269C29DD0062DE95 /* OffGameViewController.swift in Sources */ = {isa = PBXBuildFile; fileRef = C5616A6D269C29DD0062DE95 /* OffGameViewController.swift */; };
		C5616A72269C29DD0062DE95 /* OffGameBuilder.swift in Sources */ = {isa = PBXBuildFile; fileRef = C5616A6E269C29DD0062DE95 /* OffGameBuilder.swift */; };
		C5616A73269C29DD0062DE95 /* OffGameInteractor.swift in Sources */ = {isa = PBXBuildFile; fileRef = C5616A6F269C29DD0062DE95 /* OffGameInteractor.swift */; };
		C5616A78269C29EE0062DE95 /* TicTacToeRouter.swift in Sources */ = {isa = PBXBuildFile; fileRef = C5616A74269C29EE0062DE95 /* TicTacToeRouter.swift */; };
		C5616A79269C29EE0062DE95 /* TicTacToeViewController.swift in Sources */ = {isa = PBXBuildFile; fileRef = C5616A75269C29EE0062DE95 /* TicTacToeViewController.swift */; };
		C5616A7A269C29EE0062DE95 /* TicTacToeBuilder.swift in Sources */ = {isa = PBXBuildFile; fileRef = C5616A76269C29EE0062DE95 /* TicTacToeBuilder.swift */; };
		C5616A7B269C29EE0062DE95 /* TicTacToeInteractor.swift in Sources */ = {isa = PBXBuildFile; fileRef = C5616A77269C29EE0062DE95 /* TicTacToeInteractor.swift */; };
		C5CFB1D9269C0DA1009ADF24 /* AppDelegate.swift in Sources */ = {isa = PBXBuildFile; fileRef = C5CFB1D8269C0DA1009ADF24 /* AppDelegate.swift */; };
		C5CFB1DB269C0DA1009ADF24 /* SceneDelegate.swift in Sources */ = {isa = PBXBuildFile; fileRef = C5CFB1DA269C0DA1009ADF24 /* SceneDelegate.swift */; };
		C5CFB1DF269C0DA1009ADF24 /* Assets.xcassets in Resources */ = {isa = PBXBuildFile; fileRef = C5CFB1DE269C0DA1009ADF24 /* Assets.xcassets */; };
		C5CFB1E5269C0DA1009ADF24 /* LaunchScreen.storyboard in Resources */ = {isa = PBXBuildFile; fileRef = C5CFB1E3269C0DA1009ADF24 /* LaunchScreen.storyboard */; };
		C5CFB1F3269C0F1B009ADF24 /* RootRouter.swift in Sources */ = {isa = PBXBuildFile; fileRef = C5CFB1EF269C0F1B009ADF24 /* RootRouter.swift */; };
		C5CFB1F4269C0F1B009ADF24 /* RootViewController.swift in Sources */ = {isa = PBXBuildFile; fileRef = C5CFB1F0269C0F1B009ADF24 /* RootViewController.swift */; };
		C5CFB1F5269C0F1B009ADF24 /* RootBuilder.swift in Sources */ = {isa = PBXBuildFile; fileRef = C5CFB1F1269C0F1B009ADF24 /* RootBuilder.swift */; };
		C5CFB1F6269C0F1B009ADF24 /* RootInteractor.swift in Sources */ = {isa = PBXBuildFile; fileRef = C5CFB1F2269C0F1B009ADF24 /* RootInteractor.swift */; };
/* End PBXBuildFile section */

/* Begin PBXFileReference section */
		5288D841CF08D05598FA770A /* Pods-swift-ribs.release.xcconfig */ = {isa = PBXFileReference; includeInIndex = 1; lastKnownFileType = text.xcconfig; name = "Pods-swift-ribs.release.xcconfig"; path = "Target Support Files/Pods-swift-ribs/Pods-swift-ribs.release.xcconfig"; sourceTree = "<group>"; };
		96AF3FBCBA9030FD62AFB014 /* Pods-swift-ribs.debug.xcconfig */ = {isa = PBXFileReference; includeInIndex = 1; lastKnownFileType = text.xcconfig; name = "Pods-swift-ribs.debug.xcconfig"; path = "Target Support Files/Pods-swift-ribs/Pods-swift-ribs.debug.xcconfig"; sourceTree = "<group>"; };
		97AEBCEFF1E09D2F71672826 /* Pods_swift_ribs.framework */ = {isa = PBXFileReference; explicitFileType = wrapper.framework; includeInIndex = 0; path = Pods_swift_ribs.framework; sourceTree = BUILT_PRODUCTS_DIR; };
		C54C506D269C36FE001B2779 /* README.md */ = {isa = PBXFileReference; fileEncoding = 4; lastKnownFileType = net.daringfireball.markdown; path = README.md; sourceTree = "<group>"; };
		C5616A4D269C102B0062DE95 /* AppComponent.swift */ = {isa = PBXFileReference; lastKnownFileType = sourcecode.swift; path = AppComponent.swift; sourceTree = "<group>"; };
		C5616A51269C1ACB0062DE95 /* LoggedOutRouter.swift */ = {isa = PBXFileReference; lastKnownFileType = sourcecode.swift; path = LoggedOutRouter.swift; sourceTree = "<group>"; };
		C5616A52269C1ACB0062DE95 /* LoggedOutViewController.swift */ = {isa = PBXFileReference; lastKnownFileType = sourcecode.swift; path = LoggedOutViewController.swift; sourceTree = "<group>"; };
		C5616A53269C1ACB0062DE95 /* LoggedOutBuilder.swift */ = {isa = PBXFileReference; lastKnownFileType = sourcecode.swift; path = LoggedOutBuilder.swift; sourceTree = "<group>"; };
		C5616A54269C1ACB0062DE95 /* LoggedOutInteractor.swift */ = {isa = PBXFileReference; lastKnownFileType = sourcecode.swift; path = LoggedOutInteractor.swift; sourceTree = "<group>"; };
		C5616A59269C1DB80062DE95 /* RootComponent+LoggedOut.swift */ = {isa = PBXFileReference; lastKnownFileType = sourcecode.swift; path = "RootComponent+LoggedOut.swift"; sourceTree = "<group>"; };
		C5616A5C269C1EBC0062DE95 /* LoggedInRouter.swift */ = {isa = PBXFileReference; lastKnownFileType = sourcecode.swift; path = LoggedInRouter.swift; sourceTree = "<group>"; };
		C5616A5E269C1EBC0062DE95 /* LoggedInBuilder.swift */ = {isa = PBXFileReference; lastKnownFileType = sourcecode.swift; path = LoggedInBuilder.swift; sourceTree = "<group>"; };
		C5616A5F269C1EBC0062DE95 /* LoggedInInteractor.swift */ = {isa = PBXFileReference; lastKnownFileType = sourcecode.swift; path = LoggedInInteractor.swift; sourceTree = "<group>"; };
		C5616A64269C1EC90062DE95 /* RootComponent+LoggedIn.swift */ = {isa = PBXFileReference; lastKnownFileType = sourcecode.swift; path = "RootComponent+LoggedIn.swift"; sourceTree = "<group>"; };
		C5616A66269C29100062DE95 /* LoggedInComponent+OffGame.swift */ = {isa = PBXFileReference; lastKnownFileType = sourcecode.swift; path = "LoggedInComponent+OffGame.swift"; sourceTree = "<group>"; };
		C5616A68269C29240062DE95 /* LoggedInComponent+TicTacToe.swift */ = {isa = PBXFileReference; lastKnownFileType = sourcecode.swift; path = "LoggedInComponent+TicTacToe.swift"; sourceTree = "<group>"; };
		C5616A6C269C29DD0062DE95 /* OffGameRouter.swift */ = {isa = PBXFileReference; lastKnownFileType = sourcecode.swift; path = OffGameRouter.swift; sourceTree = "<group>"; };
		C5616A6D269C29DD0062DE95 /* OffGameViewController.swift */ = {isa = PBXFileReference; lastKnownFileType = sourcecode.swift; path = OffGameViewController.swift; sourceTree = "<group>"; };
		C5616A6E269C29DD0062DE95 /* OffGameBuilder.swift */ = {isa = PBXFileReference; lastKnownFileType = sourcecode.swift; path = OffGameBuilder.swift; sourceTree = "<group>"; };
		C5616A6F269C29DD0062DE95 /* OffGameInteractor.swift */ = {isa = PBXFileReference; lastKnownFileType = sourcecode.swift; path = OffGameInteractor.swift; sourceTree = "<group>"; };
		C5616A74269C29EE0062DE95 /* TicTacToeRouter.swift */ = {isa = PBXFileReference; lastKnownFileType = sourcecode.swift; path = TicTacToeRouter.swift; sourceTree = "<group>"; };
		C5616A75269C29EE0062DE95 /* TicTacToeViewController.swift */ = {isa = PBXFileReference; lastKnownFileType = sourcecode.swift; path = TicTacToeViewController.swift; sourceTree = "<group>"; };
		C5616A76269C29EE0062DE95 /* TicTacToeBuilder.swift */ = {isa = PBXFileReference; lastKnownFileType = sourcecode.swift; path = TicTacToeBuilder.swift; sourceTree = "<group>"; };
		C5616A77269C29EE0062DE95 /* TicTacToeInteractor.swift */ = {isa = PBXFileReference; lastKnownFileType = sourcecode.swift; path = TicTacToeInteractor.swift; sourceTree = "<group>"; };
		C5CFB1D5269C0DA1009ADF24 /* swift-ribs.app */ = {isa = PBXFileReference; explicitFileType = wrapper.application; includeInIndex = 0; path = "swift-ribs.app"; sourceTree = BUILT_PRODUCTS_DIR; };
		C5CFB1D8269C0DA1009ADF24 /* AppDelegate.swift */ = {isa = PBXFileReference; lastKnownFileType = sourcecode.swift; path = AppDelegate.swift; sourceTree = "<group>"; };
		C5CFB1DA269C0DA1009ADF24 /* SceneDelegate.swift */ = {isa = PBXFileReference; lastKnownFileType = sourcecode.swift; path = SceneDelegate.swift; sourceTree = "<group>"; };
		C5CFB1DE269C0DA1009ADF24 /* Assets.xcassets */ = {isa = PBXFileReference; lastKnownFileType = folder.assetcatalog; path = Assets.xcassets; sourceTree = "<group>"; };
		C5CFB1E4269C0DA1009ADF24 /* Base */ = {isa = PBXFileReference; lastKnownFileType = file.storyboard; name = Base; path = Base.lproj/LaunchScreen.storyboard; sourceTree = "<group>"; };
		C5CFB1E6269C0DA1009ADF24 /* Info.plist */ = {isa = PBXFileReference; lastKnownFileType = text.plist.xml; path = Info.plist; sourceTree = "<group>"; };
		C5CFB1EF269C0F1B009ADF24 /* RootRouter.swift */ = {isa = PBXFileReference; lastKnownFileType = sourcecode.swift; path = RootRouter.swift; sourceTree = "<group>"; };
		C5CFB1F0269C0F1B009ADF24 /* RootViewController.swift */ = {isa = PBXFileReference; lastKnownFileType = sourcecode.swift; path = RootViewController.swift; sourceTree = "<group>"; };
		C5CFB1F1269C0F1B009ADF24 /* RootBuilder.swift */ = {isa = PBXFileReference; lastKnownFileType = sourcecode.swift; path = RootBuilder.swift; sourceTree = "<group>"; };
		C5CFB1F2269C0F1B009ADF24 /* RootInteractor.swift */ = {isa = PBXFileReference; lastKnownFileType = sourcecode.swift; path = RootInteractor.swift; sourceTree = "<group>"; };
/* End PBXFileReference section */

/* Begin PBXFrameworksBuildPhase section */
		C5CFB1D2269C0DA1009ADF24 /* Frameworks */ = {
			isa = PBXFrameworksBuildPhase;
			buildActionMask = 2147483647;
			files = (
				729FAB1B428B7EC7282D7CF9 /* Pods_swift_ribs.framework in Frameworks */,
			);
			runOnlyForDeploymentPostprocessing = 0;
		};
/* End PBXFrameworksBuildPhase section */

/* Begin PBXGroup section */
		24AFA8C5C3040BDCECC0D338 /* Frameworks */ = {
			isa = PBXGroup;
			children = (
				97AEBCEFF1E09D2F71672826 /* Pods_swift_ribs.framework */,
			);
			name = Frameworks;
			sourceTree = "<group>";
		};
		748BBEA7236EDCB51DF46F93 /* Pods */ = {
			isa = PBXGroup;
			children = (
				96AF3FBCBA9030FD62AFB014 /* Pods-swift-ribs.debug.xcconfig */,
				5288D841CF08D05598FA770A /* Pods-swift-ribs.release.xcconfig */,
			);
			path = Pods;
			sourceTree = "<group>";
		};
		C5616A4F269C10980062DE95 /* Appstart */ = {
			isa = PBXGroup;
			children = (
				C5CFB1D8269C0DA1009ADF24 /* AppDelegate.swift */,
				C5CFB1DA269C0DA1009ADF24 /* SceneDelegate.swift */,
				C5616A4D269C102B0062DE95 /* AppComponent.swift */,
			);
			path = Appstart;
			sourceTree = "<group>";
		};
		C5616A50269C1ABB0062DE95 /* LoggedOut */ = {
			isa = PBXGroup;
			children = (
				C5616A51269C1ACB0062DE95 /* LoggedOutRouter.swift */,
				C5616A52269C1ACB0062DE95 /* LoggedOutViewController.swift */,
				C5616A53269C1ACB0062DE95 /* LoggedOutBuilder.swift */,
				C5616A54269C1ACB0062DE95 /* LoggedOutInteractor.swift */,
			);
			path = LoggedOut;
			sourceTree = "<group>";
		};
		C5616A5B269C1E950062DE95 /* LoggedIn */ = {
			isa = PBXGroup;
			children = (
				C5616A5C269C1EBC0062DE95 /* LoggedInRouter.swift */,
				C5616A5E269C1EBC0062DE95 /* LoggedInBuilder.swift */,
				C5616A5F269C1EBC0062DE95 /* LoggedInInteractor.swift */,
				C5616A66269C29100062DE95 /* LoggedInComponent+OffGame.swift */,
				C5616A68269C29240062DE95 /* LoggedInComponent+TicTacToe.swift */,
			);
			path = LoggedIn;
			sourceTree = "<group>";
		};
		C5616A6A269C29C20062DE95 /* OffGame */ = {
			isa = PBXGroup;
			children = (
				C5616A6C269C29DD0062DE95 /* OffGameRouter.swift */,
				C5616A6D269C29DD0062DE95 /* OffGameViewController.swift */,
				C5616A6E269C29DD0062DE95 /* OffGameBuilder.swift */,
				C5616A6F269C29DD0062DE95 /* OffGameInteractor.swift */,
			);
			path = OffGame;
			sourceTree = "<group>";
		};
		C5616A6B269C29C70062DE95 /* TicTacToe */ = {
			isa = PBXGroup;
			children = (
				C5616A74269C29EE0062DE95 /* TicTacToeRouter.swift */,
				C5616A75269C29EE0062DE95 /* TicTacToeViewController.swift */,
				C5616A76269C29EE0062DE95 /* TicTacToeBuilder.swift */,
				C5616A77269C29EE0062DE95 /* TicTacToeInteractor.swift */,
			);
			path = TicTacToe;
			sourceTree = "<group>";
		};
		C5CFB1CC269C0DA1009ADF24 = {
			isa = PBXGroup;
			children = (
				C54C506D269C36FE001B2779 /* README.md */,
				C5CFB1D7269C0DA1009ADF24 /* swift-ribs */,
				C5CFB1D6269C0DA1009ADF24 /* Products */,
				748BBEA7236EDCB51DF46F93 /* Pods */,
				24AFA8C5C3040BDCECC0D338 /* Frameworks */,
			);
			sourceTree = "<group>";
		};
		C5CFB1D6269C0DA1009ADF24 /* Products */ = {
			isa = PBXGroup;
			children = (
				C5CFB1D5269C0DA1009ADF24 /* swift-ribs.app */,
			);
			name = Products;
			sourceTree = "<group>";
		};
		C5CFB1D7269C0DA1009ADF24 /* swift-ribs */ = {
			isa = PBXGroup;
			children = (
				C5616A4F269C10980062DE95 /* Appstart */,
				C5CFB1EE269C0ECC009ADF24 /* Root */,
				C5616A50269C1ABB0062DE95 /* LoggedOut */,
				C5616A5B269C1E950062DE95 /* LoggedIn */,
				C5616A6B269C29C70062DE95 /* TicTacToe */,
				C5616A6A269C29C20062DE95 /* OffGame */,
				C5CFB1DE269C0DA1009ADF24 /* Assets.xcassets */,
				C5CFB1E3269C0DA1009ADF24 /* LaunchScreen.storyboard */,
				C5CFB1E6269C0DA1009ADF24 /* Info.plist */,
			);
			path = "swift-ribs";
			sourceTree = "<group>";
		};
		C5CFB1EE269C0ECC009ADF24 /* Root */ = {
			isa = PBXGroup;
			children = (
				C5CFB1EF269C0F1B009ADF24 /* RootRouter.swift */,
				C5CFB1F0269C0F1B009ADF24 /* RootViewController.swift */,
				C5CFB1F1269C0F1B009ADF24 /* RootBuilder.swift */,
				C5CFB1F2269C0F1B009ADF24 /* RootInteractor.swift */,
				C5616A59269C1DB80062DE95 /* RootComponent+LoggedOut.swift */,
				C5616A64269C1EC90062DE95 /* RootComponent+LoggedIn.swift */,
			);
			path = Root;
			sourceTree = "<group>";
		};
/* End PBXGroup section */

/* Begin PBXNativeTarget section */
		C5CFB1D4269C0DA1009ADF24 /* swift-ribs */ = {
			isa = PBXNativeTarget;
			buildConfigurationList = C5CFB1E9269C0DA1009ADF24 /* Build configuration list for PBXNativeTarget "swift-ribs" */;
			buildPhases = (
				667C149178E4311F3B72945B /* [CP] Check Pods Manifest.lock */,
				C5CFB1D1269C0DA1009ADF24 /* Sources */,
				C5CFB1D2269C0DA1009ADF24 /* Frameworks */,
				C5CFB1D3269C0DA1009ADF24 /* Resources */,
				EA7ECE5C0001704F35EC5960 /* [CP] Embed Pods Frameworks */,
			);
			buildRules = (
			);
			dependencies = (
			);
			name = "swift-ribs";
			productName = "swift-ribs";
			productReference = C5CFB1D5269C0DA1009ADF24 /* swift-ribs.app */;
			productType = "com.apple.product-type.application";
		};
/* End PBXNativeTarget section */

/* Begin PBXProject section */
		C5CFB1CD269C0DA1009ADF24 /* Project object */ = {
			isa = PBXProject;
			attributes = {
				LastSwiftUpdateCheck = 1250;
				LastUpgradeCheck = 1250;
				TargetAttributes = {
					C5CFB1D4269C0DA1009ADF24 = {
						CreatedOnToolsVersion = 12.5;
					};
				};
			};
			buildConfigurationList = C5CFB1D0269C0DA1009ADF24 /* Build configuration list for PBXProject "swift-ribs" */;
			compatibilityVersion = "Xcode 9.3";
			developmentRegion = en;
			hasScannedForEncodings = 0;
			knownRegions = (
				en,
				Base,
			);
			mainGroup = C5CFB1CC269C0DA1009ADF24;
			productRefGroup = C5CFB1D6269C0DA1009ADF24 /* Products */;
			projectDirPath = "";
			projectRoot = "";
			targets = (
				C5CFB1D4269C0DA1009ADF24 /* swift-ribs */,
			);
		};
/* End PBXProject section */

/* Begin PBXResourcesBuildPhase section */
		C5CFB1D3269C0DA1009ADF24 /* Resources */ = {
			isa = PBXResourcesBuildPhase;
			buildActionMask = 2147483647;
			files = (
				C54C506E269C36FE001B2779 /* README.md in Resources */,
				C5CFB1E5269C0DA1009ADF24 /* LaunchScreen.storyboard in Resources */,
				C5CFB1DF269C0DA1009ADF24 /* Assets.xcassets in Resources */,
			);
			runOnlyForDeploymentPostprocessing = 0;
		};
/* End PBXResourcesBuildPhase section */

/* Begin PBXShellScriptBuildPhase section */
		667C149178E4311F3B72945B /* [CP] Check Pods Manifest.lock */ = {
			isa = PBXShellScriptBuildPhase;
			buildActionMask = 2147483647;
			files = (
			);
			inputFileListPaths = (
			);
			inputPaths = (
				"${PODS_PODFILE_DIR_PATH}/Podfile.lock",
				"${PODS_ROOT}/Manifest.lock",
			);
			name = "[CP] Check Pods Manifest.lock";
			outputFileListPaths = (
			);
			outputPaths = (
				"$(DERIVED_FILE_DIR)/Pods-swift-ribs-checkManifestLockResult.txt",
			);
			runOnlyForDeploymentPostprocessing = 0;
			shellPath = /bin/sh;
			shellScript = "diff \"${PODS_PODFILE_DIR_PATH}/Podfile.lock\" \"${PODS_ROOT}/Manifest.lock\" > /dev/null\nif [ $? != 0 ] ; then\n    # print error to STDERR\n    echo \"error: The sandbox is not in sync with the Podfile.lock. Run 'pod install' or update your CocoaPods installation.\" >&2\n    exit 1\nfi\n# This output is used by Xcode 'outputs' to avoid re-running this script phase.\necho \"SUCCESS\" > \"${SCRIPT_OUTPUT_FILE_0}\"\n";
			showEnvVarsInLog = 0;
		};
		EA7ECE5C0001704F35EC5960 /* [CP] Embed Pods Frameworks */ = {
			isa = PBXShellScriptBuildPhase;
			buildActionMask = 2147483647;
			files = (
			);
			inputFileListPaths = (
				"${PODS_ROOT}/Target Support Files/Pods-swift-ribs/Pods-swift-ribs-frameworks-${CONFIGURATION}-input-files.xcfilelist",
			);
			name = "[CP] Embed Pods Frameworks";
			outputFileListPaths = (
				"${PODS_ROOT}/Target Support Files/Pods-swift-ribs/Pods-swift-ribs-frameworks-${CONFIGURATION}-output-files.xcfilelist",
			);
			runOnlyForDeploymentPostprocessing = 0;
			shellPath = /bin/sh;
			shellScript = "\"${PODS_ROOT}/Target Support Files/Pods-swift-ribs/Pods-swift-ribs-frameworks.sh\"\n";
			showEnvVarsInLog = 0;
		};
/* End PBXShellScriptBuildPhase section */

/* Begin PBXSourcesBuildPhase section */
		C5CFB1D1269C0DA1009ADF24 /* Sources */ = {
			isa = PBXSourcesBuildPhase;
			buildActionMask = 2147483647;
			files = (
				C5616A70269C29DD0062DE95 /* OffGameRouter.swift in Sources */,
				C5616A67269C29100062DE95 /* LoggedInComponent+OffGame.swift in Sources */,
				C5616A58269C1ACB0062DE95 /* LoggedOutInteractor.swift in Sources */,
				C5CFB1D9269C0DA1009ADF24 /* AppDelegate.swift in Sources */,
				C5616A69269C29240062DE95 /* LoggedInComponent+TicTacToe.swift in Sources */,
				C5616A78269C29EE0062DE95 /* TicTacToeRouter.swift in Sources */,
				C5CFB1F5269C0F1B009ADF24 /* RootBuilder.swift in Sources */,
				C5616A57269C1ACB0062DE95 /* LoggedOutBuilder.swift in Sources */,
				C5616A62269C1EBC0062DE95 /* LoggedInBuilder.swift in Sources */,
				C5616A5A269C1DB80062DE95 /* RootComponent+LoggedOut.swift in Sources */,
				C5616A63269C1EBC0062DE95 /* LoggedInInteractor.swift in Sources */,
				C5616A73269C29DD0062DE95 /* OffGameInteractor.swift in Sources */,
				C5CFB1F3269C0F1B009ADF24 /* RootRouter.swift in Sources */,
				C5616A7A269C29EE0062DE95 /* TicTacToeBuilder.swift in Sources */,
				C5616A55269C1ACB0062DE95 /* LoggedOutRouter.swift in Sources */,
				C5CFB1F4269C0F1B009ADF24 /* RootViewController.swift in Sources */,
				C5616A79269C29EE0062DE95 /* TicTacToeViewController.swift in Sources */,
				C5616A7B269C29EE0062DE95 /* TicTacToeInteractor.swift in Sources */,
				C5616A65269C1EC90062DE95 /* RootComponent+LoggedIn.swift in Sources */,
				C5616A71269C29DD0062DE95 /* OffGameViewController.swift in Sources */,
				C5CFB1DB269C0DA1009ADF24 /* SceneDelegate.swift in Sources */,
				C5616A4E269C102B0062DE95 /* AppComponent.swift in Sources */,
				C5616A60269C1EBC0062DE95 /* LoggedInRouter.swift in Sources */,
				C5616A72269C29DD0062DE95 /* OffGameBuilder.swift in Sources */,
				C5616A56269C1ACB0062DE95 /* LoggedOutViewController.swift in Sources */,
				C5CFB1F6269C0F1B009ADF24 /* RootInteractor.swift in Sources */,
			);
			runOnlyForDeploymentPostprocessing = 0;
		};
/* End PBXSourcesBuildPhase section */

/* Begin PBXVariantGroup section */
		C5CFB1E3269C0DA1009ADF24 /* LaunchScreen.storyboard */ = {
			isa = PBXVariantGroup;
			children = (
				C5CFB1E4269C0DA1009ADF24 /* Base */,
			);
			name = LaunchScreen.storyboard;
			sourceTree = "<group>";
		};
/* End PBXVariantGroup section */

/* Begin XCBuildConfiguration section */
		C5CFB1E7269C0DA1009ADF24 /* Debug */ = {
			isa = XCBuildConfiguration;
			buildSettings = {
				ALWAYS_SEARCH_USER_PATHS = NO;
				CLANG_ANALYZER_NONNULL = YES;
				CLANG_ANALYZER_NUMBER_OBJECT_CONVERSION = YES_AGGRESSIVE;
				CLANG_CXX_LANGUAGE_STANDARD = "gnu++14";
				CLANG_CXX_LIBRARY = "libc++";
				CLANG_ENABLE_MODULES = YES;
				CLANG_ENABLE_OBJC_ARC = YES;
				CLANG_ENABLE_OBJC_WEAK = YES;
				CLANG_WARN_BLOCK_CAPTURE_AUTORELEASING = YES;
				CLANG_WARN_BOOL_CONVERSION = YES;
				CLANG_WARN_COMMA = YES;
				CLANG_WARN_CONSTANT_CONVERSION = YES;
				CLANG_WARN_DEPRECATED_OBJC_IMPLEMENTATIONS = YES;
				CLANG_WARN_DIRECT_OBJC_ISA_USAGE = YES_ERROR;
				CLANG_WARN_DOCUMENTATION_COMMENTS = YES;
				CLANG_WARN_EMPTY_BODY = YES;
				CLANG_WARN_ENUM_CONVERSION = YES;
				CLANG_WARN_INFINITE_RECURSION = YES;
				CLANG_WARN_INT_CONVERSION = YES;
				CLANG_WARN_NON_LITERAL_NULL_CONVERSION = YES;
				CLANG_WARN_OBJC_IMPLICIT_RETAIN_SELF = YES;
				CLANG_WARN_OBJC_LITERAL_CONVERSION = YES;
				CLANG_WARN_OBJC_ROOT_CLASS = YES_ERROR;
				CLANG_WARN_QUOTED_INCLUDE_IN_FRAMEWORK_HEADER = YES;
				CLANG_WARN_RANGE_LOOP_ANALYSIS = YES;
				CLANG_WARN_STRICT_PROTOTYPES = YES;
				CLANG_WARN_SUSPICIOUS_MOVE = YES;
				CLANG_WARN_UNGUARDED_AVAILABILITY = YES_AGGRESSIVE;
				CLANG_WARN_UNREACHABLE_CODE = YES;
				CLANG_WARN__DUPLICATE_METHOD_MATCH = YES;
				COPY_PHASE_STRIP = NO;
				DEBUG_INFORMATION_FORMAT = dwarf;
				ENABLE_STRICT_OBJC_MSGSEND = YES;
				ENABLE_TESTABILITY = YES;
				GCC_C_LANGUAGE_STANDARD = gnu11;
				GCC_DYNAMIC_NO_PIC = NO;
				GCC_NO_COMMON_BLOCKS = YES;
				GCC_OPTIMIZATION_LEVEL = 0;
				GCC_PREPROCESSOR_DEFINITIONS = (
					"DEBUG=1",
					"$(inherited)",
				);
				GCC_WARN_64_TO_32_BIT_CONVERSION = YES;
				GCC_WARN_ABOUT_RETURN_TYPE = YES_ERROR;
				GCC_WARN_UNDECLARED_SELECTOR = YES;
				GCC_WARN_UNINITIALIZED_AUTOS = YES_AGGRESSIVE;
				GCC_WARN_UNUSED_FUNCTION = YES;
				GCC_WARN_UNUSED_VARIABLE = YES;
				IPHONEOS_DEPLOYMENT_TARGET = 14.5;
				MTL_ENABLE_DEBUG_INFO = INCLUDE_SOURCE;
				MTL_FAST_MATH = YES;
				ONLY_ACTIVE_ARCH = YES;
				SDKROOT = iphoneos;
				SWIFT_ACTIVE_COMPILATION_CONDITIONS = DEBUG;
				SWIFT_OPTIMIZATION_LEVEL = "-Onone";
			};
			name = Debug;
		};
		C5CFB1E8269C0DA1009ADF24 /* Release */ = {
			isa = XCBuildConfiguration;
			buildSettings = {
				ALWAYS_SEARCH_USER_PATHS = NO;
				CLANG_ANALYZER_NONNULL = YES;
				CLANG_ANALYZER_NUMBER_OBJECT_CONVERSION = YES_AGGRESSIVE;
				CLANG_CXX_LANGUAGE_STANDARD = "gnu++14";
				CLANG_CXX_LIBRARY = "libc++";
				CLANG_ENABLE_MODULES = YES;
				CLANG_ENABLE_OBJC_ARC = YES;
				CLANG_ENABLE_OBJC_WEAK = YES;
				CLANG_WARN_BLOCK_CAPTURE_AUTORELEASING = YES;
				CLANG_WARN_BOOL_CONVERSION = YES;
				CLANG_WARN_COMMA = YES;
				CLANG_WARN_CONSTANT_CONVERSION = YES;
				CLANG_WARN_DEPRECATED_OBJC_IMPLEMENTATIONS = YES;
				CLANG_WARN_DIRECT_OBJC_ISA_USAGE = YES_ERROR;
				CLANG_WARN_DOCUMENTATION_COMMENTS = YES;
				CLANG_WARN_EMPTY_BODY = YES;
				CLANG_WARN_ENUM_CONVERSION = YES;
				CLANG_WARN_INFINITE_RECURSION = YES;
				CLANG_WARN_INT_CONVERSION = YES;
				CLANG_WARN_NON_LITERAL_NULL_CONVERSION = YES;
				CLANG_WARN_OBJC_IMPLICIT_RETAIN_SELF = YES;
				CLANG_WARN_OBJC_LITERAL_CONVERSION = YES;
				CLANG_WARN_OBJC_ROOT_CLASS = YES_ERROR;
				CLANG_WARN_QUOTED_INCLUDE_IN_FRAMEWORK_HEADER = YES;
				CLANG_WARN_RANGE_LOOP_ANALYSIS = YES;
				CLANG_WARN_STRICT_PROTOTYPES = YES;
				CLANG_WARN_SUSPICIOUS_MOVE = YES;
				CLANG_WARN_UNGUARDED_AVAILABILITY = YES_AGGRESSIVE;
				CLANG_WARN_UNREACHABLE_CODE = YES;
				CLANG_WARN__DUPLICATE_METHOD_MATCH = YES;
				COPY_PHASE_STRIP = NO;
				DEBUG_INFORMATION_FORMAT = "dwarf-with-dsym";
				ENABLE_NS_ASSERTIONS = NO;
				ENABLE_STRICT_OBJC_MSGSEND = YES;
				GCC_C_LANGUAGE_STANDARD = gnu11;
				GCC_NO_COMMON_BLOCKS = YES;
				GCC_WARN_64_TO_32_BIT_CONVERSION = YES;
				GCC_WARN_ABOUT_RETURN_TYPE = YES_ERROR;
				GCC_WARN_UNDECLARED_SELECTOR = YES;
				GCC_WARN_UNINITIALIZED_AUTOS = YES_AGGRESSIVE;
				GCC_WARN_UNUSED_FUNCTION = YES;
				GCC_WARN_UNUSED_VARIABLE = YES;
				IPHONEOS_DEPLOYMENT_TARGET = 14.5;
				MTL_ENABLE_DEBUG_INFO = NO;
				MTL_FAST_MATH = YES;
				SDKROOT = iphoneos;
				SWIFT_COMPILATION_MODE = wholemodule;
				SWIFT_OPTIMIZATION_LEVEL = "-O";
				VALIDATE_PRODUCT = YES;
			};
			name = Release;
		};
		C5CFB1EA269C0DA1009ADF24 /* Debug */ = {
			isa = XCBuildConfiguration;
			baseConfigurationReference = 96AF3FBCBA9030FD62AFB014 /* Pods-swift-ribs.debug.xcconfig */;
			buildSettings = {
				ASSETCATALOG_COMPILER_APPICON_NAME = AppIcon;
				ASSETCATALOG_COMPILER_GLOBAL_ACCENT_COLOR_NAME = AccentColor;
				CODE_SIGN_STYLE = Automatic;
				DEVELOPMENT_ASSET_PATHS = "";
				DEVELOPMENT_TEAM = 634BS9RZ9N;
				ENABLE_PREVIEWS = YES;
				INFOPLIST_FILE = "swift-ribs/Info.plist";
				LD_RUNPATH_SEARCH_PATHS = (
					"$(inherited)",
					"@executable_path/Frameworks",
				);
				PRODUCT_BUNDLE_IDENTIFIER = "com.swift-ribs";
				PRODUCT_NAME = "$(TARGET_NAME)";
				SWIFT_VERSION = 5.0;
				TARGETED_DEVICE_FAMILY = "1,2";
			};
			name = Debug;
		};
		C5CFB1EB269C0DA1009ADF24 /* Release */ = {
			isa = XCBuildConfiguration;
			baseConfigurationReference = 5288D841CF08D05598FA770A /* Pods-swift-ribs.release.xcconfig */;
			buildSettings = {
				ASSETCATALOG_COMPILER_APPICON_NAME = AppIcon;
				ASSETCATALOG_COMPILER_GLOBAL_ACCENT_COLOR_NAME = AccentColor;
				CODE_SIGN_STYLE = Automatic;
				DEVELOPMENT_ASSET_PATHS = "";
				DEVELOPMENT_TEAM = 634BS9RZ9N;
				ENABLE_PREVIEWS = YES;
				INFOPLIST_FILE = "swift-ribs/Info.plist";
				LD_RUNPATH_SEARCH_PATHS = (
					"$(inherited)",
					"@executable_path/Frameworks",
				);
				PRODUCT_BUNDLE_IDENTIFIER = "com.swift-ribs";
				PRODUCT_NAME = "$(TARGET_NAME)";
				SWIFT_VERSION = 5.0;
				TARGETED_DEVICE_FAMILY = "1,2";
			};
			name = Release;
		};
/* End XCBuildConfiguration section */

/* Begin XCConfigurationList section */
		C5CFB1D0269C0DA1009ADF24 /* Build configuration list for PBXProject "swift-ribs" */ = {
			isa = XCConfigurationList;
			buildConfigurations = (
				C5CFB1E7269C0DA1009ADF24 /* Debug */,
				C5CFB1E8269C0DA1009ADF24 /* Release */,
			);
			defaultConfigurationIsVisible = 0;
			defaultConfigurationName = Release;
		};
		C5CFB1E9269C0DA1009ADF24 /* Build configuration list for PBXNativeTarget "swift-ribs" */ = {
			isa = XCConfigurationList;
			buildConfigurations = (
				C5CFB1EA269C0DA1009ADF24 /* Debug */,
				C5CFB1EB269C0DA1009ADF24 /* Release */,
			);
			defaultConfigurationIsVisible = 0;
			defaultConfigurationName = Release;
		};
/* End XCConfigurationList section */
	};
	rootObject = C5CFB1CD269C0DA1009ADF24 /* Project object */;
}
